// !$*UTF8*$!
{
	archiveVersion = 1;
	classes = {
	};
	objectVersion = 50;
	objects = {

/* Begin PBXBuildFile section */
		71880E0522A64958009177B1 /* AppDelegate.m in Sources */ = {isa = PBXBuildFile; fileRef = 71880E0422A64958009177B1 /* AppDelegate.m */; };
		71880E0822A64958009177B1 /* ViewController.m in Sources */ = {isa = PBXBuildFile; fileRef = 71880E0722A64958009177B1 /* ViewController.m */; };
		71880E0B22A64958009177B1 /* Main.storyboard in Resources */ = {isa = PBXBuildFile; fileRef = 71880E0922A64958009177B1 /* Main.storyboard */; };
		71880E0D22A6495A009177B1 /* Assets.xcassets in Resources */ = {isa = PBXBuildFile; fileRef = 71880E0C22A6495A009177B1 /* Assets.xcassets */; };
		71880E1022A6495A009177B1 /* LaunchScreen.storyboard in Resources */ = {isa = PBXBuildFile; fileRef = 71880E0E22A6495A009177B1 /* LaunchScreen.storyboard */; };
		71880E1322A6495A009177B1 /* main.m in Sources */ = {isa = PBXBuildFile; fileRef = 71880E1222A6495A009177B1 /* main.m */; };
		71880E1D22A6495A009177B1 /* CustomButtonEdgeInsetsTests.m in Sources */ = {isa = PBXBuildFile; fileRef = 71880E1C22A6495A009177B1 /* CustomButtonEdgeInsetsTests.m */; };
		71880E2822A6495A009177B1 /* CustomButtonEdgeInsetsUITests.m in Sources */ = {isa = PBXBuildFile; fileRef = 71880E2722A6495A009177B1 /* CustomButtonEdgeInsetsUITests.m */; };
/* End PBXBuildFile section */

/* Begin PBXContainerItemProxy section */
		71880E1922A6495A009177B1 /* PBXContainerItemProxy */ = {
			isa = PBXContainerItemProxy;
			containerPortal = 71880DF822A64958009177B1 /* Project object */;
			proxyType = 1;
			remoteGlobalIDString = 71880DFF22A64958009177B1;
			remoteInfo = CustomButtonEdgeInsets;
		};
		71880E2422A6495A009177B1 /* PBXContainerItemProxy */ = {
			isa = PBXContainerItemProxy;
			containerPortal = 71880DF822A64958009177B1 /* Project object */;
			proxyType = 1;
			remoteGlobalIDString = 71880DFF22A64958009177B1;
			remoteInfo = CustomButtonEdgeInsets;
		};
/* End PBXContainerItemProxy section */

/* Begin PBXFileReference section */
		71880E0022A64958009177B1 /* CustomButtonEdgeInsets.app */ = {isa = PBXFileReference; explicitFileType = wrapper.application; includeInIndex = 0; path = CustomButtonEdgeInsets.app; sourceTree = BUILT_PRODUCTS_DIR; };
		71880E0322A64958009177B1 /* AppDelegate.h */ = {isa = PBXFileReference; lastKnownFileType = sourcecode.c.h; path = AppDelegate.h; sourceTree = "<group>"; };
		71880E0422A64958009177B1 /* AppDelegate.m */ = {isa = PBXFileReference; lastKnownFileType = sourcecode.c.objc; path = AppDelegate.m; sourceTree = "<group>"; };
		71880E0622A64958009177B1 /* ViewController.h */ = {isa = PBXFileReference; lastKnownFileType = sourcecode.c.h; path = ViewController.h; sourceTree = "<group>"; };
		71880E0722A64958009177B1 /* ViewController.m */ = {isa = PBXFileReference; lastKnownFileType = sourcecode.c.objc; path = ViewController.m; sourceTree = "<group>"; };
		71880E0A22A64958009177B1 /* Base */ = {isa = PBXFileReference; lastKnownFileType = file.storyboard; name = Base; path = Base.lproj/Main.storyboard; sourceTree = "<group>"; };
		71880E0C22A6495A009177B1 /* Assets.xcassets */ = {isa = PBXFileReference; lastKnownFileType = folder.assetcatalog; path = Assets.xcassets; sourceTree = "<group>"; };
		71880E0F22A6495A009177B1 /* Base */ = {isa = PBXFileReference; lastKnownFileType = file.storyboard; name = Base; path = Base.lproj/LaunchScreen.storyboard; sourceTree = "<group>"; };
		71880E1122A6495A009177B1 /* Info.plist */ = {isa = PBXFileReference; lastKnownFileType = text.plist.xml; path = Info.plist; sourceTree = "<group>"; };
		71880E1222A6495A009177B1 /* main.m */ = {isa = PBXFileReference; lastKnownFileType = sourcecode.c.objc; path = main.m; sourceTree = "<group>"; };
		71880E1822A6495A009177B1 /* CustomButtonEdgeInsetsTests.xctest */ = {isa = PBXFileReference; explicitFileType = wrapper.cfbundle; includeInIndex = 0; path = CustomButtonEdgeInsetsTests.xctest; sourceTree = BUILT_PRODUCTS_DIR; };
		71880E1C22A6495A009177B1 /* CustomButtonEdgeInsetsTests.m */ = {isa = PBXFileReference; lastKnownFileType = sourcecode.c.objc; path = CustomButtonEdgeInsetsTests.m; sourceTree = "<group>"; };
		71880E1E22A6495A009177B1 /* Info.plist */ = {isa = PBXFileReference; lastKnownFileType = text.plist.xml; path = Info.plist; sourceTree = "<group>"; };
		71880E2322A6495A009177B1 /* CustomButtonEdgeInsetsUITests.xctest */ = {isa = PBXFileReference; explicitFileType = wrapper.cfbundle; includeInIndex = 0; path = CustomButtonEdgeInsetsUITests.xctest; sourceTree = BUILT_PRODUCTS_DIR; };
		71880E2722A6495A009177B1 /* CustomButtonEdgeInsetsUITests.m */ = {isa = PBXFileReference; lastKnownFileType = sourcecode.c.objc; path = CustomButtonEdgeInsetsUITests.m; sourceTree = "<group>"; };
		71880E2922A6495A009177B1 /* Info.plist */ = {isa = PBXFileReference; lastKnownFileType = text.plist.xml; path = Info.plist; sourceTree = "<group>"; };
/* End PBXFileReference section */

/* Begin PBXFrameworksBuildPhase section */
		71880DFD22A64958009177B1 /* Frameworks */ = {
			isa = PBXFrameworksBuildPhase;
			buildActionMask = 2147483647;
			files = (
			);
			runOnlyForDeploymentPostprocessing = 0;
		};
		71880E1522A6495A009177B1 /* Frameworks */ = {
			isa = PBXFrameworksBuildPhase;
			buildActionMask = 2147483647;
			files = (
			);
			runOnlyForDeploymentPostprocessing = 0;
		};
		71880E2022A6495A009177B1 /* Frameworks */ = {
			isa = PBXFrameworksBuildPhase;
			buildActionMask = 2147483647;
			files = (
			);
			runOnlyForDeploymentPostprocessing = 0;
		};
/* End PBXFrameworksBuildPhase section */

/* Begin PBXGroup section */
		71880DF722A64958009177B1 = {
			isa = PBXGroup;
			children = (
				71880E0222A64958009177B1 /* CustomButtonEdgeInsets */,
				71880E1B22A6495A009177B1 /* CustomButtonEdgeInsetsTests */,
				71880E2622A6495A009177B1 /* CustomButtonEdgeInsetsUITests */,
				71880E0122A64958009177B1 /* Products */,
			);
			sourceTree = "<group>";
		};
		71880E0122A64958009177B1 /* Products */ = {
			isa = PBXGroup;
			children = (
				71880E0022A64958009177B1 /* CustomButtonEdgeInsets.app */,
				71880E1822A6495A009177B1 /* CustomButtonEdgeInsetsTests.xctest */,
				71880E2322A6495A009177B1 /* CustomButtonEdgeInsetsUITests.xctest */,
			);
			name = Products;
			sourceTree = "<group>";
		};
		71880E0222A64958009177B1 /* CustomButtonEdgeInsets */ = {
			isa = PBXGroup;
			children = (
				71880E0322A64958009177B1 /* AppDelegate.h */,
				71880E0422A64958009177B1 /* AppDelegate.m */,
				71880E0622A64958009177B1 /* ViewController.h */,
				71880E0722A64958009177B1 /* ViewController.m */,
				71880E0922A64958009177B1 /* Main.storyboard */,
				71880E0C22A6495A009177B1 /* Assets.xcassets */,
				71880E0E22A6495A009177B1 /* LaunchScreen.storyboard */,
				71880E1122A6495A009177B1 /* Info.plist */,
				71880E1222A6495A009177B1 /* main.m */,
			);
			path = CustomButtonEdgeInsets;
			sourceTree = "<group>";
		};
		71880E1B22A6495A009177B1 /* CustomButtonEdgeInsetsTests */ = {
			isa = PBXGroup;
			children = (
				71880E1C22A6495A009177B1 /* CustomButtonEdgeInsetsTests.m */,
				71880E1E22A6495A009177B1 /* Info.plist */,
			);
			path = CustomButtonEdgeInsetsTests;
			sourceTree = "<group>";
		};
		71880E2622A6495A009177B1 /* CustomButtonEdgeInsetsUITests */ = {
			isa = PBXGroup;
			children = (
				71880E2722A6495A009177B1 /* CustomButtonEdgeInsetsUITests.m */,
				71880E2922A6495A009177B1 /* Info.plist */,
			);
			path = CustomButtonEdgeInsetsUITests;
			sourceTree = "<group>";
		};
/* End PBXGroup section */

/* Begin PBXNativeTarget section */
		71880DFF22A64958009177B1 /* CustomButtonEdgeInsets */ = {
			isa = PBXNativeTarget;
			buildConfigurationList = 71880E2C22A6495A009177B1 /* Build configuration list for PBXNativeTarget "CustomButtonEdgeInsets" */;
			buildPhases = (
				71880DFC22A64958009177B1 /* Sources */,
				71880DFD22A64958009177B1 /* Frameworks */,
				71880DFE22A64958009177B1 /* Resources */,
			);
			buildRules = (
			);
			dependencies = (
			);
			name = CustomButtonEdgeInsets;
			productName = CustomButtonEdgeInsets;
			productReference = 71880E0022A64958009177B1 /* CustomButtonEdgeInsets.app */;
			productType = "com.apple.product-type.application";
		};
		71880E1722A6495A009177B1 /* CustomButtonEdgeInsetsTests */ = {
			isa = PBXNativeTarget;
			buildConfigurationList = 71880E2F22A6495A009177B1 /* Build configuration list for PBXNativeTarget "CustomButtonEdgeInsetsTests" */;
			buildPhases = (
				71880E1422A6495A009177B1 /* Sources */,
				71880E1522A6495A009177B1 /* Frameworks */,
				71880E1622A6495A009177B1 /* Resources */,
			);
			buildRules = (
			);
			dependencies = (
				71880E1A22A6495A009177B1 /* PBXTargetDependency */,
			);
			name = CustomButtonEdgeInsetsTests;
			productName = CustomButtonEdgeInsetsTests;
			productReference = 71880E1822A6495A009177B1 /* CustomButtonEdgeInsetsTests.xctest */;
			productType = "com.apple.product-type.bundle.unit-test";
		};
		71880E2222A6495A009177B1 /* CustomButtonEdgeInsetsUITests */ = {
			isa = PBXNativeTarget;
			buildConfigurationList = 71880E3222A6495A009177B1 /* Build configuration list for PBXNativeTarget "CustomButtonEdgeInsetsUITests" */;
			buildPhases = (
				71880E1F22A6495A009177B1 /* Sources */,
				71880E2022A6495A009177B1 /* Frameworks */,
				71880E2122A6495A009177B1 /* Resources */,
			);
			buildRules = (
			);
			dependencies = (
				71880E2522A6495A009177B1 /* PBXTargetDependency */,
			);
			name = CustomButtonEdgeInsetsUITests;
			productName = CustomButtonEdgeInsetsUITests;
			productReference = 71880E2322A6495A009177B1 /* CustomButtonEdgeInsetsUITests.xctest */;
			productType = "com.apple.product-type.bundle.ui-testing";
		};
/* End PBXNativeTarget section */

/* Begin PBXProject section */
		71880DF822A64958009177B1 /* Project object */ = {
			isa = PBXProject;
			attributes = {
				LastUpgradeCheck = 1010;
				ORGANIZATIONNAME = "李少锋";
				TargetAttributes = {
					71880DFF22A64958009177B1 = {
						CreatedOnToolsVersion = 10.1;
					};
					71880E1722A6495A009177B1 = {
						CreatedOnToolsVersion = 10.1;
						TestTargetID = 71880DFF22A64958009177B1;
					};
					71880E2222A6495A009177B1 = {
						CreatedOnToolsVersion = 10.1;
						TestTargetID = 71880DFF22A64958009177B1;
					};
				};
			};
			buildConfigurationList = 71880DFB22A64958009177B1 /* Build configuration list for PBXProject "CustomButtonEdgeInsets" */;
			compatibilityVersion = "Xcode 9.3";
			developmentRegion = en;
			hasScannedForEncodings = 0;
			knownRegions = (
				en,
				Base,
			);
			mainGroup = 71880DF722A64958009177B1;
			productRefGroup = 71880E0122A64958009177B1 /* Products */;
			projectDirPath = "";
			projectRoot = "";
			targets = (
				71880DFF22A64958009177B1 /* CustomButtonEdgeInsets */,
				71880E1722A6495A009177B1 /* CustomButtonEdgeInsetsTests */,
				71880E2222A6495A009177B1 /* CustomButtonEdgeInsetsUITests */,
			);
		};
/* End PBXProject section */

/* Begin PBXResourcesBuildPhase section */
		71880DFE22A64958009177B1 /* Resources */ = {
			isa = PBXResourcesBuildPhase;
			buildActionMask = 2147483647;
			files = (
				71880E1022A6495A009177B1 /* LaunchScreen.storyboard in Resources */,
				71880E0D22A6495A009177B1 /* Assets.xcassets in Resources */,
				71880E0B22A64958009177B1 /* Main.storyboard in Resources */,
			);
			runOnlyForDeploymentPostprocessing = 0;
		};
		71880E1622A6495A009177B1 /* Resources */ = {
			isa = PBXResourcesBuildPhase;
			buildActionMask = 2147483647;
			files = (
			);
			runOnlyForDeploymentPostprocessing = 0;
		};
		71880E2122A6495A009177B1 /* Resources */ = {
			isa = PBXResourcesBuildPhase;
			buildActionMask = 2147483647;
			files = (
			);
			runOnlyForDeploymentPostprocessing = 0;
		};
/* End PBXResourcesBuildPhase section */

/* Begin PBXSourcesBuildPhase section */
		71880DFC22A64958009177B1 /* Sources */ = {
			isa = PBXSourcesBuildPhase;
			buildActionMask = 2147483647;
			files = (
				71880E0822A64958009177B1 /* ViewController.m in Sources */,
				71880E1322A6495A009177B1 /* main.m in Sources */,
				71880E0522A64958009177B1 /* AppDelegate.m in Sources */,
			);
			runOnlyForDeploymentPostprocessing = 0;
		};
		71880E1422A6495A009177B1 /* Sources */ = {
			isa = PBXSourcesBuildPhase;
			buildActionMask = 2147483647;
			files = (
				71880E1D22A6495A009177B1 /* CustomButtonEdgeInsetsTests.m in Sources */,
			);
			runOnlyForDeploymentPostprocessing = 0;
		};
		71880E1F22A6495A009177B1 /* Sources */ = {
			isa = PBXSourcesBuildPhase;
			buildActionMask = 2147483647;
			files = (
				71880E2822A6495A009177B1 /* CustomButtonEdgeInsetsUITests.m in Sources */,
			);
			runOnlyForDeploymentPostprocessing = 0;
		};
/* End PBXSourcesBuildPhase section */

/* Begin PBXTargetDependency section */
		71880E1A22A6495A009177B1 /* PBXTargetDependency */ = {
			isa = PBXTargetDependency;
			target = 71880DFF22A64958009177B1 /* CustomButtonEdgeInsets */;
			targetProxy = 71880E1922A6495A009177B1 /* PBXContainerItemProxy */;
		};
		71880E2522A6495A009177B1 /* PBXTargetDependency */ = {
			isa = PBXTargetDependency;
			target = 71880DFF22A64958009177B1 /* CustomButtonEdgeInsets */;
			targetProxy = 71880E2422A6495A009177B1 /* PBXContainerItemProxy */;
		};
/* End PBXTargetDependency section */

/* Begin PBXVariantGroup section */
		71880E0922A64958009177B1 /* Main.storyboard */ = {
			isa = PBXVariantGroup;
			children = (
				71880E0A22A64958009177B1 /* Base */,
			);
			name = Main.storyboard;
			sourceTree = "<group>";
		};
		71880E0E22A6495A009177B1 /* LaunchScreen.storyboard */ = {
			isa = PBXVariantGroup;
			children = (
				71880E0F22A6495A009177B1 /* Base */,
			);
			name = LaunchScreen.storyboard;
			sourceTree = "<group>";
		};
/* End PBXVariantGroup section */

/* Begin XCBuildConfiguration section */
		71880E2A22A6495A009177B1 /* Debug */ = {
			isa = XCBuildConfiguration;
			buildSettings = {
				ALWAYS_SEARCH_USER_PATHS = NO;
				CLANG_ANALYZER_NONNULL = YES;
				CLANG_ANALYZER_NUMBER_OBJECT_CONVERSION = YES_AGGRESSIVE;
				CLANG_CXX_LANGUAGE_STANDARD = "gnu++14";
				CLANG_CXX_LIBRARY = "libc++";
				CLANG_ENABLE_MODULES = YES;
				CLANG_ENABLE_OBJC_ARC = YES;
				CLANG_ENABLE_OBJC_WEAK = YES;
				CLANG_WARN_BLOCK_CAPTURE_AUTORELEASING = YES;
				CLANG_WARN_BOOL_CONVERSION = YES;
				CLANG_WARN_COMMA = YES;
				CLANG_WARN_CONSTANT_CONVERSION = YES;
				CLANG_WARN_DEPRECATED_OBJC_IMPLEMENTATIONS = YES;
				CLANG_WARN_DIRECT_OBJC_ISA_USAGE = YES_ERROR;
				CLANG_WARN_DOCUMENTATION_COMMENTS = YES;
				CLANG_WARN_EMPTY_BODY = YES;
				CLANG_WARN_ENUM_CONVERSION = YES;
				CLANG_WARN_INFINITE_RECURSION = YES;
				CLANG_WARN_INT_CONVERSION = YES;
				CLANG_WARN_NON_LITERAL_NULL_CONVERSION = YES;
				CLANG_WARN_OBJC_IMPLICIT_RETAIN_SELF = YES;
				CLANG_WARN_OBJC_LITERAL_CONVERSION = YES;
				CLANG_WARN_OBJC_ROOT_CLASS = YES_ERROR;
				CLANG_WARN_RANGE_LOOP_ANALYSIS = YES;
				CLANG_WARN_STRICT_PROTOTYPES = YES;
				CLANG_WARN_SUSPICIOUS_MOVE = YES;
				CLANG_WARN_UNGUARDED_AVAILABILITY = YES_AGGRESSIVE;
				CLANG_WARN_UNREACHABLE_CODE = YES;
				CLANG_WARN__DUPLICATE_METHOD_MATCH = YES;
				CODE_SIGN_IDENTITY = "iPhone Developer";
				COPY_PHASE_STRIP = NO;
				DEBUG_INFORMATION_FORMAT = dwarf;
				ENABLE_STRICT_OBJC_MSGSEND = YES;
				ENABLE_TESTABILITY = YES;
				GCC_C_LANGUAGE_STANDARD = gnu11;
				GCC_DYNAMIC_NO_PIC = NO;
				GCC_NO_COMMON_BLOCKS = YES;
				GCC_OPTIMIZATION_LEVEL = 0;
				GCC_PREPROCESSOR_DEFINITIONS = (
					"DEBUG=1",
					"$(inherited)",
				);
				GCC_WARN_64_TO_32_BIT_CONVERSION = YES;
				GCC_WARN_ABOUT_RETURN_TYPE = YES_ERROR;
				GCC_WARN_UNDECLARED_SELECTOR = YES;
				GCC_WARN_UNINITIALIZED_AUTOS = YES_AGGRESSIVE;
				GCC_WARN_UNUSED_FUNCTION = YES;
				GCC_WARN_UNUSED_VARIABLE = YES;
				IPHONEOS_DEPLOYMENT_TARGET = 12.1;
				MTL_ENABLE_DEBUG_INFO = INCLUDE_SOURCE;
				MTL_FAST_MATH = YES;
				ONLY_ACTIVE_ARCH = YES;
				SDKROOT = iphoneos;
			};
			name = Debug;
		};
		71880E2B22A6495A009177B1 /* Release */ = {
			isa = XCBuildConfiguration;
			buildSettings = {
				ALWAYS_SEARCH_USER_PATHS = NO;
				CLANG_ANALYZER_NONNULL = YES;
				CLANG_ANALYZER_NUMBER_OBJECT_CONVERSION = YES_AGGRESSIVE;
				CLANG_CXX_LANGUAGE_STANDARD = "gnu++14";
				CLANG_CXX_LIBRARY = "libc++";
				CLANG_ENABLE_MODULES = YES;
				CLANG_ENABLE_OBJC_ARC = YES;
				CLANG_ENABLE_OBJC_WEAK = YES;
				CLANG_WARN_BLOCK_CAPTURE_AUTORELEASING = YES;
				CLANG_WARN_BOOL_CONVERSION = YES;
				CLANG_WARN_COMMA = YES;
				CLANG_WARN_CONSTANT_CONVERSION = YES;
				CLANG_WARN_DEPRECATED_OBJC_IMPLEMENTATIONS = YES;
				CLANG_WARN_DIRECT_OBJC_ISA_USAGE = YES_ERROR;
				CLANG_WARN_DOCUMENTATION_COMMENTS = YES;
				CLANG_WARN_EMPTY_BODY = YES;
				CLANG_WARN_ENUM_CONVERSION = YES;
				CLANG_WARN_INFINITE_RECURSION = YES;
				CLANG_WARN_INT_CONVERSION = YES;
				CLANG_WARN_NON_LITERAL_NULL_CONVERSION = YES;
				CLANG_WARN_OBJC_IMPLICIT_RETAIN_SELF = YES;
				CLANG_WARN_OBJC_LITERAL_CONVERSION = YES;
				CLANG_WARN_OBJC_ROOT_CLASS = YES_ERROR;
				CLANG_WARN_RANGE_LOOP_ANALYSIS = YES;
				CLANG_WARN_STRICT_PROTOTYPES = YES;
				CLANG_WARN_SUSPICIOUS_MOVE = YES;
				CLANG_WARN_UNGUARDED_AVAILABILITY = YES_AGGRESSIVE;
				CLANG_WARN_UNREACHABLE_CODE = YES;
				CLANG_WARN__DUPLICATE_METHOD_MATCH = YES;
				CODE_SIGN_IDENTITY = "iPhone Developer";
				COPY_PHASE_STRIP = NO;
				DEBUG_INFORMATION_FORMAT = "dwarf-with-dsym";
				ENABLE_NS_ASSERTIONS = NO;
				ENABLE_STRICT_OBJC_MSGSEND = YES;
				GCC_C_LANGUAGE_STANDARD = gnu11;
				GCC_NO_COMMON_BLOCKS = YES;
				GCC_WARN_64_TO_32_BIT_CONVERSION = YES;
				GCC_WARN_ABOUT_RETURN_TYPE = YES_ERROR;
				GCC_WARN_UNDECLARED_SELECTOR = YES;
				GCC_WARN_UNINITIALIZED_AUTOS = YES_AGGRESSIVE;
				GCC_WARN_UNUSED_FUNCTION = YES;
				GCC_WARN_UNUSED_VARIABLE = YES;
				IPHONEOS_DEPLOYMENT_TARGET = 12.1;
				MTL_ENABLE_DEBUG_INFO = NO;
				MTL_FAST_MATH = YES;
				SDKROOT = iphoneos;
				VALIDATE_PRODUCT = YES;
			};
			name = Release;
		};
		71880E2D22A6495A009177B1 /* Debug */ = {
			isa = XCBuildConfiguration;
			buildSettings = {
				ASSETCATALOG_COMPILER_APPICON_NAME = AppIcon;
				CODE_SIGN_STYLE = Automatic;
				DEVELOPMENT_TEAM = BH8H77TR8E;
				INFOPLIST_FILE = CustomButtonEdgeInsets/Info.plist;
				LD_RUNPATH_SEARCH_PATHS = (
					"$(inherited)",
					"@executable_path/Frameworks",
				);
				PRODUCT_BUNDLE_IDENTIFIER = lsf.CustomButtonEdgeInsets;
				PRODUCT_NAME = "$(TARGET_NAME)";
				TARGETED_DEVICE_FAMILY = "1,2";
			};
			name = Debug;
		};
		71880E2E22A6495A009177B1 /* Release */ = {
			isa = XCBuildConfiguration;
			buildSettings = {
				ASSETCATALOG_COMPILER_APPICON_NAME = AppIcon;
				CODE_SIGN_STYLE = Automatic;
				DEVELOPMENT_TEAM = BH8H77TR8E;
				INFOPLIST_FILE = CustomButtonEdgeInsets/Info.plist;
				LD_RUNPATH_SEARCH_PATHS = (
					"$(inherited)",
					"@executable_path/Frameworks",
				);
				PRODUCT_BUNDLE_IDENTIFIER = lsf.CustomButtonEdgeInsets;
				PRODUCT_NAME = "$(TARGET_NAME)";
				TARGETED_DEVICE_FAMILY = "1,2";
			};
			name = Release;
		};
		71880E3022A6495A009177B1 /* Debug */ = {
			isa = XCBuildConfiguration;
			buildSettings = {
				BUNDLE_LOADER = "$(TEST_HOST)";
				CODE_SIGN_STYLE = Automatic;
				DEVELOPMENT_TEAM = BH8H77TR8E;
				INFOPLIST_FILE = CustomButtonEdgeInsetsTests/Info.plist;
				LD_RUNPATH_SEARCH_PATHS = (
					"$(inherited)",
					"@executable_path/Frameworks",
					"@loader_path/Frameworks",
				);
				PRODUCT_BUNDLE_IDENTIFIER = lsf.CustomButtonEdgeInsetsTests;
				PRODUCT_NAME = "$(TARGET_NAME)";
				TARGETED_DEVICE_FAMILY = "1,2";
				TEST_HOST = "$(BUILT_PRODUCTS_DIR)/CustomButtonEdgeInsets.app/CustomButtonEdgeInsets";
			};
			name = Debug;
		};
		71880E3122A6495A009177B1 /* Release */ = {
			isa = XCBuildConfiguration;
			buildSettings = {
				BUNDLE_LOADER = "$(TEST_HOST)";
				CODE_SIGN_STYLE = Automatic;
				DEVELOPMENT_TEAM = BH8H77TR8E;
				INFOPLIST_FILE = CustomButtonEdgeInsetsTests/Info.plist;
				LD_RUNPATH_SEARCH_PATHS = (
					"$(inherited)",
					"@executable_path/Frameworks",
					"@loader_path/Frameworks",
				);
				PRODUCT_BUNDLE_IDENTIFIER = lsf.CustomButtonEdgeInsetsTests;
				PRODUCT_NAME = "$(TARGET_NAME)";
				TARGETED_DEVICE_FAMILY = "1,2";
				TEST_HOST = "$(BUILT_PRODUCTS_DIR)/CustomButtonEdgeInsets.app/CustomButtonEdgeInsets";
			};
			name = Release;
		};
		71880E3322A6495A009177B1 /* Debug */ = {
			isa = XCBuildConfiguration;
			buildSettings = {
				CODE_SIGN_STYLE = Automatic;
				DEVELOPMENT_TEAM = BH8H77TR8E;
				INFOPLIST_FILE = CustomButtonEdgeInsetsUITests/Info.plist;
				LD_RUNPATH_SEARCH_PATHS = (
					"$(inherited)",
					"@executable_path/Frameworks",
					"@loader_path/Frameworks",
				);
				PRODUCT_BUNDLE_IDENTIFIER = lsf.CustomButtonEdgeInsetsUITests;
				PRODUCT_NAME = "$(TARGET_NAME)";
				TARGETED_DEVICE_FAMILY = "1,2";
				TEST_TARGET_NAME = CustomButtonEdgeInsets;
			};
			name = Debug;
		};
		71880E3422A6495A009177B1 /* Release */ = {
			isa = XCBuildConfiguration;
			buildSettings = {
				CODE_SIGN_STYLE = Automatic;
				DEVELOPMENT_TEAM = BH8H77TR8E;
				INFOPLIST_FILE = CustomButtonEdgeInsetsUITests/Info.plist;
				LD_RUNPATH_SEARCH_PATHS = (
					"$(inherited)",
					"@executable_path/Frameworks",
					"@loader_path/Frameworks",
				);
				PRODUCT_BUNDLE_IDENTIFIER = lsf.CustomButtonEdgeInsetsUITests;
				PRODUCT_NAME = "$(TARGET_NAME)";
				TARGETED_DEVICE_FAMILY = "1,2";
				TEST_TARGET_NAME = CustomButtonEdgeInsets;
			};
			name = Release;
		};
/* End XCBuildConfiguration section */

/* Begin XCConfigurationList section */
		71880DFB22A64958009177B1 /* Build configuration list for PBXProject "CustomButtonEdgeInsets" */ = {
			isa = XCConfigurationList;
			buildConfigurations = (
				71880E2A22A6495A009177B1 /* Debug */,
				71880E2B22A6495A009177B1 /* Release */,
			);
			defaultConfigurationIsVisible = 0;
			defaultConfigurationName = Release;
		};
		71880E2C22A6495A009177B1 /* Build configuration list for PBXNativeTarget "CustomButtonEdgeInsets" */ = {
			isa = XCConfigurationList;
			buildConfigurations = (
				71880E2D22A6495A009177B1 /* Debug */,
				71880E2E22A6495A009177B1 /* Release */,
			);
			defaultConfigurationIsVisible = 0;
			defaultConfigurationName = Release;
		};
		71880E2F22A6495A009177B1 /* Build configuration list for PBXNativeTarget "CustomButtonEdgeInsetsTests" */ = {
			isa = XCConfigurationList;
			buildConfigurations = (
				71880E3022A6495A009177B1 /* Debug */,
				71880E3122A6495A009177B1 /* Release */,
			);
			defaultConfigurationIsVisible = 0;
			defaultConfigurationName = Release;
		};
		71880E3222A6495A009177B1 /* Build configuration list for PBXNativeTarget "CustomButtonEdgeInsetsUITests" */ = {
			isa = XCConfigurationList;
			buildConfigurations = (
				71880E3322A6495A009177B1 /* Debug */,
				71880E3422A6495A009177B1 /* Release */,
			);
			defaultConfigurationIsVisible = 0;
			defaultConfigurationName = Release;
		};
/* End XCConfigurationList section */
	};
	rootObject = 71880DF822A64958009177B1 /* Project object */;
}
